
Microsoft Visual Studio Solution File, Format Version 12.00
# Visual Studio Version 16
VisualStudioVersion = 16.0.30907.101
MinimumVisualStudioVersion = 10.0.40219.1
Project("{FAE04EC0-301F-11D3-BF4B-00C04F79EFBC}") = "Lab2ConnectToORM", "Lab2ConnectToORM\Lab2ConnectToORM.csproj", "{8B547AA5-4BCE-4963-A6C9-A550E9A4DE7E}"
EndProject
Global
	GlobalSection(SolutionConfigurationPlatforms) = preSolution
		Debug|Any CPU = Debug|Any CPU
		Release|Any CPU = Release|Any CPU
	EndGlobalSection
	GlobalSection(ProjectConfigurationPlatforms) = postSolution
		{8B547AA5-4BCE-4963-A6C9-A550E9A4DE7E}.Debug|Any CPU.ActiveCfg = Debug|Any CPU
		{8B547AA5-4BCE-4963-A6C9-A550E9A4DE7E}.Debug|Any CPU.Build.0 = Debug|Any CPU
		{8B547AA5-4BCE-4963-A6C9-A550E9A4DE7E}.Release|Any CPU.ActiveCfg = Release|Any CPU
		{8B547AA5-4BCE-4963-A6C9-A550E9A4DE7E}.Release|Any CPU.Build.0 = Release|Any CPU
	EndGlobalSection
	GlobalSection(SolutionProperties) = preSolution
		HideSolutionNode = FALSE
	EndGlobalSection
	GlobalSection(ExtensibilityGlobals) = postSolution
		SolutionGuid = {5F69C6A4-326A-4B9C-9F6F-707224275281}
	EndGlobalSection
EndGlobal
