
Microsoft Visual Studio Solution File, Format Version 12.00
# Visual Studio 15
VisualStudioVersion = 15.0.27130.2036
MinimumVisualStudioVersion = 10.0.40219.1
Project("{FAE04EC0-301F-11D3-BF4B-00C04F79EFBC}") = "BookApplication", "BookApplication\BookApplication.csproj", "{8B929995-731D-4F16-B37C-D7413367FEB4}"
EndProject
Project("{FAE04EC0-301F-11D3-BF4B-00C04F79EFBC}") = "BookApplication.Dao", "BookApplication.Dal\BookApplication.Dao.csproj", "{75AEBAF0-35E5-4FC9-B7AD-101039B445A6}"
EndProject
Project("{FAE04EC0-301F-11D3-BF4B-00C04F79EFBC}") = "BookApplication.Models", "BookApplication.Models\BookApplication.Models.csproj", "{934D335E-2E7B-4A48-95CF-138FC906539B}"
EndProject
Project("{FAE04EC0-301F-11D3-BF4B-00C04F79EFBC}") = "BookApplication.Bll", "BookApplication.Bll\BookApplication.Bll.csproj", "{B19B7E9B-B130-4BBB-B54A-B7CE4A8A8037}"
EndProject
Global
	GlobalSection(SolutionConfigurationPlatforms) = preSolution
		Debug|Any CPU = Debug|Any CPU
		Release|Any CPU = Release|Any CPU
	EndGlobalSection
	GlobalSection(ProjectConfigurationPlatforms) = postSolution
		{8B929995-731D-4F16-B37C-D7413367FEB4}.Debug|Any CPU.ActiveCfg = Debug|Any CPU
		{8B929995-731D-4F16-B37C-D7413367FEB4}.Debug|Any CPU.Build.0 = Debug|Any CPU
		{8B929995-731D-4F16-B37C-D7413367FEB4}.Release|Any CPU.ActiveCfg = Release|Any CPU
		{8B929995-731D-4F16-B37C-D7413367FEB4}.Release|Any CPU.Build.0 = Release|Any CPU
		{75AEBAF0-35E5-4FC9-B7AD-101039B445A6}.Debug|Any CPU.ActiveCfg = Debug|Any CPU
		{75AEBAF0-35E5-4FC9-B7AD-101039B445A6}.Debug|Any CPU.Build.0 = Debug|Any CPU
		{75AEBAF0-35E5-4FC9-B7AD-101039B445A6}.Release|Any CPU.ActiveCfg = Release|Any CPU
		{75AEBAF0-35E5-4FC9-B7AD-101039B445A6}.Release|Any CPU.Build.0 = Release|Any CPU
		{934D335E-2E7B-4A48-95CF-138FC906539B}.Debug|Any CPU.ActiveCfg = Debug|Any CPU
		{934D335E-2E7B-4A48-95CF-138FC906539B}.Debug|Any CPU.Build.0 = Debug|Any CPU
		{934D335E-2E7B-4A48-95CF-138FC906539B}.Release|Any CPU.ActiveCfg = Release|Any CPU
		{934D335E-2E7B-4A48-95CF-138FC906539B}.Release|Any CPU.Build.0 = Release|Any CPU
		{B19B7E9B-B130-4BBB-B54A-B7CE4A8A8037}.Debug|Any CPU.ActiveCfg = Debug|Any CPU
		{B19B7E9B-B130-4BBB-B54A-B7CE4A8A8037}.Debug|Any CPU.Build.0 = Debug|Any CPU
		{B19B7E9B-B130-4BBB-B54A-B7CE4A8A8037}.Release|Any CPU.ActiveCfg = Release|Any CPU
		{B19B7E9B-B130-4BBB-B54A-B7CE4A8A8037}.Release|Any CPU.Build.0 = Release|Any CPU
	EndGlobalSection
	GlobalSection(SolutionProperties) = preSolution
		HideSolutionNode = FALSE
	EndGlobalSection
	GlobalSection(ExtensibilityGlobals) = postSolution
		SolutionGuid = {105F16F7-B5C4-46D0-8B46-4F638680C141}
	EndGlobalSection
EndGlobal
